// !$*UTF8*$!
{
	archiveVersion = 1;
	classes = {
	};
	objectVersion = 55;
	objects = {

/* Begin PBXBuildFile section */
		C12EA514283E876F0051A7AD /* AppDelegate.swift in Sources */ = {isa = PBXBuildFile; fileRef = C12EA513283E876F0051A7AD /* AppDelegate.swift */; };
		C12EA516283E876F0051A7AD /* SceneDelegate.swift in Sources */ = {isa = PBXBuildFile; fileRef = C12EA515283E876F0051A7AD /* SceneDelegate.swift */; };
		C12EA518283E876F0051A7AD /* ViewController.swift in Sources */ = {isa = PBXBuildFile; fileRef = C12EA517283E876F0051A7AD /* ViewController.swift */; };
		C12EA51B283E876F0051A7AD /* Main.storyboard in Resources */ = {isa = PBXBuildFile; fileRef = C12EA519283E876F0051A7AD /* Main.storyboard */; };
		C12EA51D283E87720051A7AD /* Assets.xcassets in Resources */ = {isa = PBXBuildFile; fileRef = C12EA51C283E87720051A7AD /* Assets.xcassets */; };
		C12EA520283E87720051A7AD /* LaunchScreen.storyboard in Resources */ = {isa = PBXBuildFile; fileRef = C12EA51E283E87720051A7AD /* LaunchScreen.storyboard */; };
		C12EA529283E94900051A7AD /* QuizViewController.swift in Sources */ = {isa = PBXBuildFile; fileRef = C12EA528283E94900051A7AD /* QuizViewController.swift */; };
		C12EA52B283E97660051A7AD /* ScoreViewController.swift in Sources */ = {isa = PBXBuildFile; fileRef = C12EA52A283E97660051A7AD /* ScoreViewController.swift */; };
		C12EA52D283E9BF60051A7AD /* quiz.csv in Resources */ = {isa = PBXBuildFile; fileRef = C12EA52C283E9BF60051A7AD /* quiz.csv */; };
		C18CB480283F4E3F00C3105A /* correct.png in Resources */ = {isa = PBXBuildFile; fileRef = C18CB47E283F4E3F00C3105A /* correct.png */; };
		C18CB481283F4E3F00C3105A /* incorrect.png in Resources */ = {isa = PBXBuildFile; fileRef = C18CB47F283F4E3F00C3105A /* incorrect.png */; };
/* End PBXBuildFile section */

/* Begin PBXFileReference section */
		C12EA510283E876F0051A7AD /* QuizPractice.app */ = {isa = PBXFileReference; explicitFileType = wrapper.application; includeInIndex = 0; path = QuizPractice.app; sourceTree = BUILT_PRODUCTS_DIR; };
		C12EA513283E876F0051A7AD /* AppDelegate.swift */ = {isa = PBXFileReference; lastKnownFileType = sourcecode.swift; path = AppDelegate.swift; sourceTree = "<group>"; };
		C12EA515283E876F0051A7AD /* SceneDelegate.swift */ = {isa = PBXFileReference; lastKnownFileType = sourcecode.swift; path = SceneDelegate.swift; sourceTree = "<group>"; };
		C12EA517283E876F0051A7AD /* ViewController.swift */ = {isa = PBXFileReference; lastKnownFileType = sourcecode.swift; path = ViewController.swift; sourceTree = "<group>"; };
		C12EA51A283E876F0051A7AD /* Base */ = {isa = PBXFileReference; lastKnownFileType = file.storyboard; name = Base; path = Base.lproj/Main.storyboard; sourceTree = "<group>"; };
		C12EA51C283E87720051A7AD /* Assets.xcassets */ = {isa = PBXFileReference; lastKnownFileType = folder.assetcatalog; path = Assets.xcassets; sourceTree = "<group>"; };
		C12EA51F283E87720051A7AD /* Base */ = {isa = PBXFileReference; lastKnownFileType = file.storyboard; name = Base; path = Base.lproj/LaunchScreen.storyboard; sourceTree = "<group>"; };
		C12EA521283E87720051A7AD /* Info.plist */ = {isa = PBXFileReference; lastKnownFileType = text.plist.xml; path = Info.plist; sourceTree = "<group>"; };
		C12EA528283E94900051A7AD /* QuizViewController.swift */ = {isa = PBXFileReference; lastKnownFileType = sourcecode.swift; path = QuizViewController.swift; sourceTree = "<group>"; };
		C12EA52A283E97660051A7AD /* ScoreViewController.swift */ = {isa = PBXFileReference; lastKnownFileType = sourcecode.swift; path = ScoreViewController.swift; sourceTree = "<group>"; };
		C12EA52C283E9BF60051A7AD /* quiz.csv */ = {isa = PBXFileReference; lastKnownFileType = text; path = quiz.csv; sourceTree = "<group>"; };
		C18CB47E283F4E3F00C3105A /* correct.png */ = {isa = PBXFileReference; lastKnownFileType = image.png; path = correct.png; sourceTree = "<group>"; };
		C18CB47F283F4E3F00C3105A /* incorrect.png */ = {isa = PBXFileReference; lastKnownFileType = image.png; path = incorrect.png; sourceTree = "<group>"; };
/* End PBXFileReference section */

/* Begin PBXFrameworksBuildPhase section */
		C12EA50D283E876F0051A7AD /* Frameworks */ = {
			isa = PBXFrameworksBuildPhase;
			buildActionMask = 2147483647;
			files = (
			);
			runOnlyForDeploymentPostprocessing = 0;
		};
/* End PBXFrameworksBuildPhase section */

/* Begin PBXGroup section */
		C12EA507283E876F0051A7AD = {
			isa = PBXGroup;
			children = (
				C12EA512283E876F0051A7AD /* QuizPractice */,
				C12EA511283E876F0051A7AD /* Products */,
			);
			sourceTree = "<group>";
		};
		C12EA511283E876F0051A7AD /* Products */ = {
			isa = PBXGroup;
			children = (
				C12EA510283E876F0051A7AD /* QuizPractice.app */,
			);
			name = Products;
			sourceTree = "<group>";
		};
		C12EA512283E876F0051A7AD /* QuizPractice */ = {
			isa = PBXGroup;
			children = (
				C12EA513283E876F0051A7AD /* AppDelegate.swift */,
				C12EA515283E876F0051A7AD /* SceneDelegate.swift */,
				C12EA527283E94650051A7AD /* ViewController */,
				C12EA519283E876F0051A7AD /* Main.storyboard */,
				C12EA51E283E87720051A7AD /* LaunchScreen.storyboard */,
				C12EA52C283E9BF60051A7AD /* quiz.csv */,
				C12EA51C283E87720051A7AD /* Assets.xcassets */,
				C18CB47D283F4E3F00C3105A /* image */,
				C12EA521283E87720051A7AD /* Info.plist */,
			);
			path = QuizPractice;
			sourceTree = "<group>";
		};
		C12EA527283E94650051A7AD /* ViewController */ = {
			isa = PBXGroup;
			children = (
				C12EA517283E876F0051A7AD /* ViewController.swift */,
				C12EA528283E94900051A7AD /* QuizViewController.swift */,
				C12EA52A283E97660051A7AD /* ScoreViewController.swift */,
			);
			path = ViewController;
			sourceTree = "<group>";
		};
		C18CB47D283F4E3F00C3105A /* image */ = {
			isa = PBXGroup;
			children = (
				C18CB47E283F4E3F00C3105A /* correct.png */,
				C18CB47F283F4E3F00C3105A /* incorrect.png */,
			);
			name = image;
			path = ../../../../Downloads/image;
			sourceTree = "<group>";
		};
/* End PBXGroup section */

/* Begin PBXNativeTarget section */
		C12EA50F283E876F0051A7AD /* QuizPractice */ = {
			isa = PBXNativeTarget;
			buildConfigurationList = C12EA524283E87720051A7AD /* Build configuration list for PBXNativeTarget "QuizPractice" */;
			buildPhases = (
				C12EA50C283E876F0051A7AD /* Sources */,
				C12EA50D283E876F0051A7AD /* Frameworks */,
				C12EA50E283E876F0051A7AD /* Resources */,
			);
			buildRules = (
			);
			dependencies = (
			);
			name = QuizPractice;
			productName = QuizPractice;
			productReference = C12EA510283E876F0051A7AD /* QuizPractice.app */;
			productType = "com.apple.product-type.application";
		};
/* End PBXNativeTarget section */

/* Begin PBXProject section */
		C12EA508283E876F0051A7AD /* Project object */ = {
			isa = PBXProject;
			attributes = {
				BuildIndependentTargetsInParallel = 1;
				LastSwiftUpdateCheck = 1340;
				LastUpgradeCheck = 1340;
				TargetAttributes = {
					C12EA50F283E876F0051A7AD = {
						CreatedOnToolsVersion = 13.4;
					};
				};
			};
			buildConfigurationList = C12EA50B283E876F0051A7AD /* Build configuration list for PBXProject "QuizPractice" */;
			compatibilityVersion = "Xcode 13.0";
			developmentRegion = en;
			hasScannedForEncodings = 0;
			knownRegions = (
				en,
				Base,
			);
			mainGroup = C12EA507283E876F0051A7AD;
			productRefGroup = C12EA511283E876F0051A7AD /* Products */;
			projectDirPath = "";
			projectRoot = "";
			targets = (
				C12EA50F283E876F0051A7AD /* QuizPractice */,
			);
		};
/* End PBXProject section */

/* Begin PBXResourcesBuildPhase section */
		C12EA50E283E876F0051A7AD /* Resources */ = {
			isa = PBXResourcesBuildPhase;
			buildActionMask = 2147483647;
			files = (
				C18CB480283F4E3F00C3105A /* correct.png in Resources */,
				C18CB481283F4E3F00C3105A /* incorrect.png in Resources */,
				C12EA520283E87720051A7AD /* LaunchScreen.storyboard in Resources */,
				C12EA51D283E87720051A7AD /* Assets.xcassets in Resources */,
				C12EA51B283E876F0051A7AD /* Main.storyboard in Resources */,
				C12EA52D283E9BF60051A7AD /* quiz.csv in Resources */,
			);
			runOnlyForDeploymentPostprocessing = 0;
		};
/* End PBXResourcesBuildPhase section */

/* Begin PBXSourcesBuildPhase section */
		C12EA50C283E876F0051A7AD /* Sources */ = {
			isa = PBXSourcesBuildPhase;
			buildActionMask = 2147483647;
			files = (
				C12EA518283E876F0051A7AD /* ViewController.swift in Sources */,
				C12EA514283E876F0051A7AD /* AppDelegate.swift in Sources */,
				C12EA52B283E97660051A7AD /* ScoreViewController.swift in Sources */,
				C12EA516283E876F0051A7AD /* SceneDelegate.swift in Sources */,
				C12EA529283E94900051A7AD /* QuizViewController.swift in Sources */,
			);
			runOnlyForDeploymentPostprocessing = 0;
		};
/* End PBXSourcesBuildPhase section */

/* Begin PBXVariantGroup section */
		C12EA519283E876F0051A7AD /* Main.storyboard */ = {
			isa = PBXVariantGroup;
			children = (
				C12EA51A283E876F0051A7AD /* Base */,
			);
			name = Main.storyboard;
			sourceTree = "<group>";
		};
		C12EA51E283E87720051A7AD /* LaunchScreen.storyboard */ = {
			isa = PBXVariantGroup;
			children = (
				C12EA51F283E87720051A7AD /* Base */,
			);
			name = LaunchScreen.storyboard;
			sourceTree = "<group>";
		};
/* End PBXVariantGroup section */

/* Begin XCBuildConfiguration section */
		C12EA522283E87720051A7AD /* Debug */ = {
			isa = XCBuildConfiguration;
			buildSettings = {
				ALWAYS_SEARCH_USER_PATHS = NO;
				CLANG_ANALYZER_NONNULL = YES;
				CLANG_ANALYZER_NUMBER_OBJECT_CONVERSION = YES_AGGRESSIVE;
				CLANG_CXX_LANGUAGE_STANDARD = "gnu++17";
				CLANG_ENABLE_MODULES = YES;
				CLANG_ENABLE_OBJC_ARC = YES;
				CLANG_ENABLE_OBJC_WEAK = YES;
				CLANG_WARN_BLOCK_CAPTURE_AUTORELEASING = YES;
				CLANG_WARN_BOOL_CONVERSION = YES;
				CLANG_WARN_COMMA = YES;
				CLANG_WARN_CONSTANT_CONVERSION = YES;
				CLANG_WARN_DEPRECATED_OBJC_IMPLEMENTATIONS = YES;
				CLANG_WARN_DIRECT_OBJC_ISA_USAGE = YES_ERROR;
				CLANG_WARN_DOCUMENTATION_COMMENTS = YES;
				CLANG_WARN_EMPTY_BODY = YES;
				CLANG_WARN_ENUM_CONVERSION = YES;
				CLANG_WARN_INFINITE_RECURSION = YES;
				CLANG_WARN_INT_CONVERSION = YES;
				CLANG_WARN_NON_LITERAL_NULL_CONVERSION = YES;
				CLANG_WARN_OBJC_IMPLICIT_RETAIN_SELF = YES;
				CLANG_WARN_OBJC_LITERAL_CONVERSION = YES;
				CLANG_WARN_OBJC_ROOT_CLASS = YES_ERROR;
				CLANG_WARN_QUOTED_INCLUDE_IN_FRAMEWORK_HEADER = YES;
				CLANG_WARN_RANGE_LOOP_ANALYSIS = YES;
				CLANG_WARN_STRICT_PROTOTYPES = YES;
				CLANG_WARN_SUSPICIOUS_MOVE = YES;
				CLANG_WARN_UNGUARDED_AVAILABILITY = YES_AGGRESSIVE;
				CLANG_WARN_UNREACHABLE_CODE = YES;
				CLANG_WARN__DUPLICATE_METHOD_MATCH = YES;
				COPY_PHASE_STRIP = NO;
				DEBUG_INFORMATION_FORMAT = dwarf;
				ENABLE_STRICT_OBJC_MSGSEND = YES;
				ENABLE_TESTABILITY = YES;
				GCC_C_LANGUAGE_STANDARD = gnu11;
				GCC_DYNAMIC_NO_PIC = NO;
				GCC_NO_COMMON_BLOCKS = YES;
				GCC_OPTIMIZATION_LEVEL = 0;
				GCC_PREPROCESSOR_DEFINITIONS = (
					"DEBUG=1",
					"$(inherited)",
				);
				GCC_WARN_64_TO_32_BIT_CONVERSION = YES;
				GCC_WARN_ABOUT_RETURN_TYPE = YES_ERROR;
				GCC_WARN_UNDECLARED_SELECTOR = YES;
				GCC_WARN_UNINITIALIZED_AUTOS = YES_AGGRESSIVE;
				GCC_WARN_UNUSED_FUNCTION = YES;
				GCC_WARN_UNUSED_VARIABLE = YES;
				IPHONEOS_DEPLOYMENT_TARGET = 15.5;
				MTL_ENABLE_DEBUG_INFO = INCLUDE_SOURCE;
				MTL_FAST_MATH = YES;
				ONLY_ACTIVE_ARCH = YES;
				SDKROOT = iphoneos;
				SWIFT_ACTIVE_COMPILATION_CONDITIONS = DEBUG;
				SWIFT_OPTIMIZATION_LEVEL = "-Onone";
			};
			name = Debug;
		};
		C12EA523283E87720051A7AD /* Release */ = {
			isa = XCBuildConfiguration;
			buildSettings = {
				ALWAYS_SEARCH_USER_PATHS = NO;
				CLANG_ANALYZER_NONNULL = YES;
				CLANG_ANALYZER_NUMBER_OBJECT_CONVERSION = YES_AGGRESSIVE;
				CLANG_CXX_LANGUAGE_STANDARD = "gnu++17";
				CLANG_ENABLE_MODULES = YES;
				CLANG_ENABLE_OBJC_ARC = YES;
				CLANG_ENABLE_OBJC_WEAK = YES;
				CLANG_WARN_BLOCK_CAPTURE_AUTORELEASING = YES;
				CLANG_WARN_BOOL_CONVERSION = YES;
				CLANG_WARN_COMMA = YES;
				CLANG_WARN_CONSTANT_CONVERSION = YES;
				CLANG_WARN_DEPRECATED_OBJC_IMPLEMENTATIONS = YES;
				CLANG_WARN_DIRECT_OBJC_ISA_USAGE = YES_ERROR;
				CLANG_WARN_DOCUMENTATION_COMMENTS = YES;
				CLANG_WARN_EMPTY_BODY = YES;
				CLANG_WARN_ENUM_CONVERSION = YES;
				CLANG_WARN_INFINITE_RECURSION = YES;
				CLANG_WARN_INT_CONVERSION = YES;
				CLANG_WARN_NON_LITERAL_NULL_CONVERSION = YES;
				CLANG_WARN_OBJC_IMPLICIT_RETAIN_SELF = YES;
				CLANG_WARN_OBJC_LITERAL_CONVERSION = YES;
				CLANG_WARN_OBJC_ROOT_CLASS = YES_ERROR;
				CLANG_WARN_QUOTED_INCLUDE_IN_FRAMEWORK_HEADER = YES;
				CLANG_WARN_RANGE_LOOP_ANALYSIS = YES;
				CLANG_WARN_STRICT_PROTOTYPES = YES;
				CLANG_WARN_SUSPICIOUS_MOVE = YES;
				CLANG_WARN_UNGUARDED_AVAILABILITY = YES_AGGRESSIVE;
				CLANG_WARN_UNREACHABLE_CODE = YES;
				CLANG_WARN__DUPLICATE_METHOD_MATCH = YES;
				COPY_PHASE_STRIP = NO;
				DEBUG_INFORMATION_FORMAT = "dwarf-with-dsym";
				ENABLE_NS_ASSERTIONS = NO;
				ENABLE_STRICT_OBJC_MSGSEND = YES;
				GCC_C_LANGUAGE_STANDARD = gnu11;
				GCC_NO_COMMON_BLOCKS = YES;
				GCC_WARN_64_TO_32_BIT_CONVERSION = YES;
				GCC_WARN_ABOUT_RETURN_TYPE = YES_ERROR;
				GCC_WARN_UNDECLARED_SELECTOR = YES;
				GCC_WARN_UNINITIALIZED_AUTOS = YES_AGGRESSIVE;
				GCC_WARN_UNUSED_FUNCTION = YES;
				GCC_WARN_UNUSED_VARIABLE = YES;
				IPHONEOS_DEPLOYMENT_TARGET = 15.5;
				MTL_ENABLE_DEBUG_INFO = NO;
				MTL_FAST_MATH = YES;
				SDKROOT = iphoneos;
				SWIFT_COMPILATION_MODE = wholemodule;
				SWIFT_OPTIMIZATION_LEVEL = "-O";
				VALIDATE_PRODUCT = YES;
			};
			name = Release;
		};
		C12EA525283E87720051A7AD /* Debug */ = {
			isa = XCBuildConfiguration;
			buildSettings = {
				ASSETCATALOG_COMPILER_APPICON_NAME = AppIcon;
				ASSETCATALOG_COMPILER_GLOBAL_ACCENT_COLOR_NAME = AccentColor;
				CODE_SIGN_STYLE = Automatic;
				CURRENT_PROJECT_VERSION = 1;
				DEVELOPMENT_TEAM = ZW38677EE9;
				GENERATE_INFOPLIST_FILE = YES;
				INFOPLIST_FILE = QuizPractice/Info.plist;
				INFOPLIST_KEY_UIApplicationSupportsIndirectInputEvents = YES;
				INFOPLIST_KEY_UILaunchStoryboardName = Main;
				INFOPLIST_KEY_UIMainStoryboardFile = Main;
				INFOPLIST_KEY_UISupportedInterfaceOrientations_iPad = "UIInterfaceOrientationPortrait UIInterfaceOrientationPortraitUpsideDown UIInterfaceOrientationLandscapeLeft UIInterfaceOrientationLandscapeRight";
				INFOPLIST_KEY_UISupportedInterfaceOrientations_iPhone = "UIInterfaceOrientationPortrait UIInterfaceOrientationLandscapeLeft UIInterfaceOrientationLandscapeRight";
				LD_RUNPATH_SEARCH_PATHS = (
					"$(inherited)",
					"@executable_path/Frameworks",
				);
				MARKETING_VERSION = 1.0;
				PRODUCT_BUNDLE_IDENTIFIER = WENBOHU.QuizPractice;
				PRODUCT_NAME = "$(TARGET_NAME)";
				SWIFT_EMIT_LOC_STRINGS = YES;
				SWIFT_VERSION = 5.0;
				TARGETED_DEVICE_FAMILY = "1,2";
			};
			name = Debug;
		};
		C12EA526283E87720051A7AD /* Release */ = {
			isa = XCBuildConfiguration;
			buildSettings = {
				ASSETCATALOG_COMPILER_APPICON_NAME = AppIcon;
				ASSETCATALOG_COMPILER_GLOBAL_ACCENT_COLOR_NAME = AccentColor;
				CODE_SIGN_STYLE = Automatic;
				CURRENT_PROJECT_VERSION = 1;
				DEVELOPMENT_TEAM = ZW38677EE9;
				GENERATE_INFOPLIST_FILE = YES;
				INFOPLIST_FILE = QuizPractice/Info.plist;
				INFOPLIST_KEY_UIApplicationSupportsIndirectInputEvents = YES;
				INFOPLIST_KEY_UILaunchStoryboardName = Main;
				INFOPLIST_KEY_UIMainStoryboardFile = Main;
				INFOPLIST_KEY_UISupportedInterfaceOrientations_iPad = "UIInterfaceOrientationPortrait UIInterfaceOrientationPortraitUpsideDown UIInterfaceOrientationLandscapeLeft UIInterfaceOrientationLandscapeRight";
				INFOPLIST_KEY_UISupportedInterfaceOrientations_iPhone = "UIInterfaceOrientationPortrait UIInterfaceOrientationLandscapeLeft UIInterfaceOrientationLandscapeRight";
				LD_RUNPATH_SEARCH_PATHS = (
					"$(inherited)",
					"@executable_path/Frameworks",
				);
				MARKETING_VERSION = 1.0;
				PRODUCT_BUNDLE_IDENTIFIER = WENBOHU.QuizPractice;
				PRODUCT_NAME = "$(TARGET_NAME)";
				SWIFT_EMIT_LOC_STRINGS = YES;
				SWIFT_VERSION = 5.0;
				TARGETED_DEVICE_FAMILY = "1,2";
			};
			name = Release;
		};
/* End XCBuildConfiguration section */

/* Begin XCConfigurationList section */
		C12EA50B283E876F0051A7AD /* Build configuration list for PBXProject "QuizPractice" */ = {
			isa = XCConfigurationList;
			buildConfigurations = (
				C12EA522283E87720051A7AD /* Debug */,
				C12EA523283E87720051A7AD /* Release */,
			);
			defaultConfigurationIsVisible = 0;
			defaultConfigurationName = Release;
		};
		C12EA524283E87720051A7AD /* Build configuration list for PBXNativeTarget "QuizPractice" */ = {
			isa = XCConfigurationList;
			buildConfigurations = (
				C12EA525283E87720051A7AD /* Debug */,
				C12EA526283E87720051A7AD /* Release */,
			);
			defaultConfigurationIsVisible = 0;
			defaultConfigurationName = Release;
		};
/* End XCConfigurationList section */
	};
	rootObject = C12EA508283E876F0051A7AD /* Project object */;
}
